
Microsoft Visual Studio Solution File, Format Version 12.00
# Visual Studio Version 18
VisualStudioVersion = 18.9.12112.369 stable
MinimumVisualStudioVersion = 10.0.40219.1
Project("{FAE04EC0-301F-11D3-BF4B-00C04F79EFBC}") = "UsersWebApi_Module3WithMoq", "UsersWebApi_Module3WithMoq\UsersWebApi_Module3WithMoq.csproj", "{4C091542-A8FE-475B-A615-4276C4028BD6}"
EndProject
Project("{FAE04EC0-301F-11D3-BF4B-00C04F79EFBC}") = "UsersTestProject", "UsersTestProject\UsersTestProject.csproj", "{E6436D7E-FDA1-4155-A3CB-C8B10E9392C4}"
EndProject
Global
	GlobalSection(SolutionConfigurationPlatforms) = preSolution
		Debug|Any CPU = Debug|Any CPU
		Release|Any CPU = Release|Any CPU
	EndGlobalSection
	GlobalSection(ProjectConfigurationPlatforms) = postSolution
		{4C091542-A8FE-475B-A615-4276C4028BD6}.Debug|Any CPU.ActiveCfg = Debug|Any CPU
		{4C091542-A8FE-475B-A615-4276C4028BD6}.Debug|Any CPU.Build.0 = Debug|Any CPU
		{4C091542-A8FE-475B-A615-4276C4028BD6}.Release|Any CPU.ActiveCfg = Release|Any CPU
		{4C091542-A8FE-475B-A615-4276C4028BD6}.Release|Any CPU.Build.0 = Release|Any CPU
		{E6436D7E-FDA1-4155-A3CB-C8B10E9392C4}.Debug|Any CPU.ActiveCfg = Debug|Any CPU
		{E6436D7E-FDA1-4155-A3CB-C8B10E9392C4}.Debug|Any CPU.Build.0 = Debug|Any CPU
		{E6436D7E-FDA1-4155-A3CB-C8B10E9392C4}.Release|Any CPU.ActiveCfg = Release|Any CPU
		{E6436D7E-FDA1-4155-A3CB-C8B10E9392C4}.Release|Any CPU.Build.0 = Release|Any CPU
	EndGlobalSection
	GlobalSection(SolutionProperties) = preSolution
		HideSolutionNode = FALSE
	EndGlobalSection
	GlobalSection(ExtensibilityGlobals) = postSolution
		SolutionGuid = {79764B75-ED17-4DD0-B40C-FB0BDA06B11F}
	EndGlobalSection
EndGlobal
